
Microsoft Visual Studio Solution File, Format Version 12.00
# Visual Studio Version 16
VisualStudioVersion = 16.0.31624.102
MinimumVisualStudioVersion = 10.0.40219.1
Project("{FAE04EC0-301F-11D3-BF4B-00C04F79EFBC}") = "Mealz Demo", "Mealz Demo\Mealz Demo.csproj", "{F28CF893-6D54-4A6A-9993-090C01AFE4A4}"
EndProject
Global
	GlobalSection(SolutionConfigurationPlatforms) = preSolution
		Debug|Any CPU = Debug|Any CPU
		Release|Any CPU = Release|Any CPU
	EndGlobalSection
	GlobalSection(ProjectConfigurationPlatforms) = postSolution
		{F28CF893-6D54-4A6A-9993-090C01AFE4A4}.Debug|Any CPU.ActiveCfg = Debug|Any CPU
		{F28CF893-6D54-4A6A-9993-090C01AFE4A4}.Debug|Any CPU.Build.0 = Debug|Any CPU
		{F28CF893-6D54-4A6A-9993-090C01AFE4A4}.Release|Any CPU.ActiveCfg = Release|Any CPU
		{F28CF893-6D54-4A6A-9993-090C01AFE4A4}.Release|Any CPU.Build.0 = Release|Any CPU
	EndGlobalSection
	GlobalSection(SolutionProperties) = preSolution
		HideSolutionNode = FALSE
	EndGlobalSection
	GlobalSection(ExtensibilityGlobals) = postSolution
		SolutionGuid = {945587FE-A644-4C12-8F29-E4FA74A19326}
	EndGlobalSection
EndGlobal
